<?xml version="1.0" encoding="utf-8"?>
<Project ToolsVersion="4.0" xmlns="http://schemas.microsoft.com/developer/msbuild/2003">
  <ItemGroup>
    <Filter Include="源文件">
      <UniqueIdentifier>{4FC737F1-C7A5-4376-A066-2A32D752A2FF}</UniqueIdentifier>
      <Extensions>cpp;c;cc;cxx;def;odl;idl;hpj;bat;asm;asmx</Extensions>
    </Filter>
    <Filter Include="头文件">
      <UniqueIdentifier>{93995380-89BD-4b04-88EB-625FBE52EBFB}</UniqueIdentifier>
      <Extensions>h;hpp;hxx;hm;inl;inc;xsd</Extensions>
    </Filter>
    <Filter Include="资源文件">
      <UniqueIdentifier>{67DA6AB6-F800-4c08-8B7A-83BB121AAD01}</UniqueIdentifier>
      <Extensions>rc;ico;cur;bmp;dlg;rc2;rct;bin;rgs;gif;jpg;jpeg;jpe;resx;tiff;tif;png;wav;mfcribbon-ms</Extensions>
    </Filter>
    <Filter Include="pugixml">
      <UniqueIdentifier>{4b99b918-e63a-4ca8-afcf-c1eb279fbcc9}</UniqueIdentifier>
    </Filter>
  </ItemGroup>
  <ItemGroup>
    <None Include="ReadMe.txt" />
    <None Include="MHMapDef.def">
      <Filter>源文件</Filter>
    </None>
    <None Include="ClassDiagram.cd" />
  </ItemGroup>
  <ItemGroup>
    <ResourceCompile Include="MHMapDef.rc">
      <Filter>资源文件</Filter>
    </ResourceCompile>
  </ItemGroup>
  <ItemGroup>
    <ClCompile Include="MSDataSourceObj.cpp">
      <Filter>源文件</Filter>
    </ClCompile>
    <ClCompile Include="MSEnvelopObj.cpp">
      <Filter>源文件</Filter>
    </ClCompile>
    <ClCompile Include="MSLayerObj.cpp">
      <Filter>源文件</Filter>
    </ClCompile>
    <ClCompile Include="MSMapException.cpp">
      <Filter>源文件</Filter>
    </ClCompile>
    <ClCompile Include="MSMapObj.cpp">
      <Filter>源文件</Filter>
    </ClCompile>
    <ClCompile Include="MSObj.cpp">
      <Filter>源文件</Filter>
    </ClCompile>
    <ClCompile Include="MSSpatialRefObj.cpp">
      <Filter>源文件</Filter>
    </ClCompile>
    <ClCompile Include="MSSymbolObj.cpp">
      <Filter>源文件</Filter>
    </ClCompile>
    <ClCompile Include="MSSymbolStruct.cpp">
      <Filter>源文件</Filter>
    </ClCompile>
    <ClCompile Include="MSThematicObj.cpp">
      <Filter>源文件</Filter>
    </ClCompile>
    <ClCompile Include="MSThematicStruct.cpp">
      <Filter>源文件</Filter>
    </ClCompile>
    <ClCompile Include="stdafx.cpp">
      <Filter>源文件</Filter>
    </ClCompile>
    <ClCompile Include="MSProject.cpp">
      <Filter>源文件</Filter>
    </ClCompile>
    <ClCompile Include="pugixml.cpp">
      <Filter>pugixml</Filter>
    </ClCompile>
  </ItemGroup>
  <ItemGroup>
    <ClInclude Include="MSMapException.h">
      <Filter>头文件</Filter>
    </ClInclude>
    <ClInclude Include="Resource.h">
      <Filter>头文件</Filter>
    </ClInclude>
    <ClInclude Include="stdafx.h">
      <Filter>头文件</Filter>
    </ClInclude>
    <ClInclude Include="targetver.h">
      <Filter>头文件</Filter>
    </ClInclude>
    <ClInclude Include="..\include\MHMapDef\MSDataSourceObj.h">
      <Filter>头文件</Filter>
    </ClInclude>
    <ClInclude Include="..\include\MHMapDef\MSEnvelopObj.h">
      <Filter>头文件</Filter>
    </ClInclude>
    <ClInclude Include="..\include\MHMapDef\MSLayerObj.h">
      <Filter>头文件</Filter>
    </ClInclude>
    <ClInclude Include="..\include\MHMapDef\MSMapObj.h">
      <Filter>头文件</Filter>
    </ClInclude>
    <ClInclude Include="..\include\MHMapDef\MSObj.h">
      <Filter>头文件</Filter>
    </ClInclude>
    <ClInclude Include="..\include\MHMapDef\MSObj_Def.h">
      <Filter>头文件</Filter>
    </ClInclude>
    <ClInclude Include="..\include\MHMapDef\MSSpatialRefObj.h">
      <Filter>头文件</Filter>
    </ClInclude>
    <ClInclude Include="..\include\MHMapDef\MSSymbolObj.h">
      <Filter>头文件</Filter>
    </ClInclude>
    <ClInclude Include="..\include\MHMapDef\MSSymbolStruct.h">
      <Filter>头文件</Filter>
    </ClInclude>
    <ClInclude Include="..\include\MHMapDef\MSThematicObj.h">
      <Filter>头文件</Filter>
    </ClInclude>
    <ClInclude Include="..\include\MHMapDef\MSThematicStruct.h">
      <Filter>头文件</Filter>
    </ClInclude>
    <ClInclude Include="..\include\MHMapDef\MSProject.h">
      <Filter>头文件</Filter>
    </ClInclude>
    <ClInclude Include="..\include\pugixml\pugiconfig.hpp">
      <Filter>pugixml</Filter>
    </ClInclude>
    <ClInclude Include="..\include\pugixml\pugixml.hpp">
      <Filter>pugixml</Filter>
    </ClInclude>
  </ItemGroup>
</Project>